
Microsoft Visual Studio Solution File, Format Version 12.00
# Visual Studio 2013
VisualStudioVersion = 12.0.40629.0
MinimumVisualStudioVersion = 10.0.40219.1
Project("{FAE04EC0-301F-11D3-BF4B-00C04F79EFBC}") = "Lab.03", "Lab.03.csproj", "{3C8C4A23-ED82-4ADE-9784-024A72A215EE}"
EndProject
Global
	GlobalSection(SolutionConfigurationPlatforms) = preSolution
		Debug|Any CPU = Debug|Any CPU
		Release|Any CPU = Release|Any CPU
	EndGlobalSection
	GlobalSection(ProjectConfigurationPlatforms) = postSolution
		{3C8C4A23-ED82-4ADE-9784-024A72A215EE}.Debug|Any CPU.ActiveCfg = Debug|Any CPU
		{3C8C4A23-ED82-4ADE-9784-024A72A215EE}.Debug|Any CPU.Build.0 = Debug|Any CPU
		{3C8C4A23-ED82-4ADE-9784-024A72A215EE}.Release|Any CPU.ActiveCfg = Release|Any CPU
		{3C8C4A23-ED82-4ADE-9784-024A72A215EE}.Release|Any CPU.Build.0 = Release|Any CPU
	EndGlobalSection
	GlobalSection(SolutionProperties) = preSolution
		HideSolutionNode = FALSE
	EndGlobalSection
EndGlobal
